# This file is automatically @generated by Cargo.
# It is not intended for manual editing.
version = 3

[[package]]
name = "assembly-line"
version = "0.1.0"

[[package]]
name = "caesar"
version = "0.1.0"

[[package]]
name = "cheat_sheet"
version = "0.1.0"

[[package]]
name = "health_statistics"
version = "0.1.0"

[[package]]
name = "mult_table"
version = "0.1.0"

[[package]]
name = "short_fibonacci"
version = "0.1.0"

[[package]]
name = "smallest_elements"
version = "0.1.0"

[[package]]
name = "twofer"
version = "1.2.0"
